
Microsoft Visual Studio Solution File, Format Version 12.00
# Visual Studio 15
VisualStudioVersion = 15.0.27703.2035
MinimumVisualStudioVersion = 10.0.40219.1
Project("{FAE04EC0-301F-11D3-BF4B-00C04F79EFBC}") = "Exercise2A4", "Exercise2A4\Exercise2A4.csproj", "{47BDD8D4-3285-4C4A-9E7A-FA01239B93A5}"
EndProject
Global
	GlobalSection(SolutionConfigurationPlatforms) = preSolution
		Debug|Any CPU = Debug|Any CPU
		Release|Any CPU = Release|Any CPU
	EndGlobalSection
	GlobalSection(ProjectConfigurationPlatforms) = postSolution
		{47BDD8D4-3285-4C4A-9E7A-FA01239B93A5}.Debug|Any CPU.ActiveCfg = Debug|Any CPU
		{47BDD8D4-3285-4C4A-9E7A-FA01239B93A5}.Debug|Any CPU.Build.0 = Debug|Any CPU
		{47BDD8D4-3285-4C4A-9E7A-FA01239B93A5}.Release|Any CPU.ActiveCfg = Release|Any CPU
		{47BDD8D4-3285-4C4A-9E7A-FA01239B93A5}.Release|Any CPU.Build.0 = Release|Any CPU
	EndGlobalSection
	GlobalSection(SolutionProperties) = preSolution
		HideSolutionNode = FALSE
	EndGlobalSection
	GlobalSection(ExtensibilityGlobals) = postSolution
		SolutionGuid = {E9E1625A-83C9-47AC-A26F-BED5556CB72E}
	EndGlobalSection
EndGlobal
